<?xml version="1.0" encoding="utf-8"?>
<Project ToolsVersion="4.0" xmlns="http://schemas.microsoft.com/developer/msbuild/2003">
  <ItemGroup>
    <Filter Include="Framework">
      <UniqueIdentifier>{a19df8b6-f4b5-4a1b-8157-ca46205625a7}</UniqueIdentifier>
    </Filter>
    <Filter Include="Framework\03. Scene">
      <UniqueIdentifier>{605f8d33-accc-441c-920e-f3b614dfdfd0}</UniqueIdentifier>
    </Filter>
    <Filter Include="Framework\01. Core">
      <UniqueIdentifier>{45893dea-8266-40b1-b6ce-64534ea7e696}</UniqueIdentifier>
    </Filter>
    <Filter Include="Framework\01. Core\External">
      <UniqueIdentifier>{66d3e6b7-4451-4bb1-a87e-577d7a935af5}</UniqueIdentifier>
    </Filter>
    <Filter Include="Framework\01. Core\External\SDL">
      <UniqueIdentifier>{22cdc5d0-8f3b-4fae-a1e2-ec194de482ec}</UniqueIdentifier>
    </Filter>
    <Filter Include="Game">
      <UniqueIdentifier>{38b047cb-938c-4f2d-8b89-fc10f226dc3a}</UniqueIdentifier>
    </Filter>
    <Filter Include="Framework\01. Core\Lib">
      <UniqueIdentifier>{07aa822c-a6bd-4517-8029-44de9e5d5528}</UniqueIdentifier>
    </Filter>
    <Filter Include="Framework\01. Core\Lib\Timer">
      <UniqueIdentifier>{b988f21a-2a7e-45be-84c2-a6a6a6dec500}</UniqueIdentifier>
    </Filter>
    <Filter Include="Framework\01. Core\Lib\Math">
      <UniqueIdentifier>{b34f2160-b592-483e-bfc2-5322bb366b9d}</UniqueIdentifier>
    </Filter>
    <Filter Include="Framework\01. Core\Lib\SmartPtr">
      <UniqueIdentifier>{78525eff-63d9-470a-9434-564f2a326435}</UniqueIdentifier>
    </Filter>
    <Filter Include="Framework\01. Core\Lib\Utils">
      <UniqueIdentifier>{864f2210-c647-41c2-8d5a-56af69addf9a}</UniqueIdentifier>
    </Filter>
    <Filter Include="Framework\01. Core\Lib\Data">
      <UniqueIdentifier>{c570d90b-d10d-4efb-8b9f-c1b852ca2f4e}</UniqueIdentifier>
    </Filter>
    <Filter Include="Game\01. Core">
      <UniqueIdentifier>{af1eeaa7-794e-4547-819a-16fa583c6b91}</UniqueIdentifier>
    </Filter>
    <Filter Include="Game\01. Core\Utils">
      <UniqueIdentifier>{125d717f-733b-4dae-a7d1-8323f179b83e}</UniqueIdentifier>
    </Filter>
    <Filter Include="Framework\03. Scene\01. Layer">
      <UniqueIdentifier>{616b5466-feb5-4a9b-bfd6-4df11cb7bd98}</UniqueIdentifier>
    </Filter>
    <Filter Include="Framework\04. Entity">
      <UniqueIdentifier>{d5738d80-d9e6-41f0-8741-9bbca96ceb12}</UniqueIdentifier>
    </Filter>
    <Filter Include="Framework\04. Entity\01. Object">
      <UniqueIdentifier>{2bd23e26-200b-4f59-9112-ca3337cf5a98}</UniqueIdentifier>
    </Filter>
    <Filter Include="Framework\04. Entity\02. Component">
      <UniqueIdentifier>{3a4f77f1-cc7d-447f-8739-ed7a255c9874}</UniqueIdentifier>
    </Filter>
    <Filter Include="Framework\04. Entity\02. Component\00. Transform">
      <UniqueIdentifier>{4e2e1bc0-ebc8-4017-93bd-261d56a11148}</UniqueIdentifier>
    </Filter>
    <Filter Include="Framework\04. Entity\02. Component\01. Components">
      <UniqueIdentifier>{d73926d9-e7b5-45e3-908e-ffd769448284}</UniqueIdentifier>
    </Filter>
    <Filter Include="Framework\04. Entity\02. Component\01. Components\Collider">
      <UniqueIdentifier>{783763d1-3903-4704-a6a1-963de9c0ceb2}</UniqueIdentifier>
    </Filter>
    <Filter Include="Framework\04. Entity\02. Component\01. Components\Texture">
      <UniqueIdentifier>{a10ffb53-357d-45c4-8031-fdbed8dcfc90}</UniqueIdentifier>
    </Filter>
    <Filter Include="Framework\04. Entity\02. Component\01. Components\Movement">
      <UniqueIdentifier>{8102eb54-174c-4063-806e-ce0f8103b673}</UniqueIdentifier>
    </Filter>
    <Filter Include="Framework\04. Entity\02. Component\01. Components\Widget">
      <UniqueIdentifier>{b40e51fc-55c0-4e85-ae1c-35cf81ba079a}</UniqueIdentifier>
    </Filter>
    <Filter Include="Framework\04. Entity\02. Component\01. Components\Rigidbody">
      <UniqueIdentifier>{fad9dcaa-8d17-4a1f-8e22-6207d29226b8}</UniqueIdentifier>
    </Filter>
    <Filter Include="Framework\04. Entity\02. Component\01. Components\Input">
      <UniqueIdentifier>{4b538719-c4d7-4ad1-a0ac-d9092097bcd1}</UniqueIdentifier>
    </Filter>
    <Filter Include="Framework\05. Resource">
      <UniqueIdentifier>{6ca350ca-fbac-4558-a30b-dd3800174ad5}</UniqueIdentifier>
    </Filter>
    <Filter Include="Framework\06. Widget">
      <UniqueIdentifier>{da9c17e3-b3ba-47ea-9466-274356354b9c}</UniqueIdentifier>
    </Filter>
    <Filter Include="Framework\06. Widget\01. Widgets">
      <UniqueIdentifier>{7097eb5a-ad77-4391-a116-6c28c10a1dac}</UniqueIdentifier>
    </Filter>
    <Filter Include="Framework\06. Widget\01. Widgets\AnimatedImage">
      <UniqueIdentifier>{64fce126-e471-4ad4-89af-7bdd8efc53ce}</UniqueIdentifier>
    </Filter>
    <Filter Include="Framework\06. Widget\01. Widgets\Button">
      <UniqueIdentifier>{f55ea9bd-61cc-4c75-857f-769427e8039f}</UniqueIdentifier>
    </Filter>
    <Filter Include="Framework\06. Widget\01. Widgets\Image">
      <UniqueIdentifier>{e084d7b0-05d3-48c0-960d-c7e6e8634b06}</UniqueIdentifier>
    </Filter>
    <Filter Include="Framework\06. Widget\01. Widgets\ProgressBar">
      <UniqueIdentifier>{d1f71704-07cf-482f-8b14-9429e49dfb9c}</UniqueIdentifier>
    </Filter>
    <Filter Include="Framework\06. Widget\01. Widgets\Slider">
      <UniqueIdentifier>{0d403556-4669-4d57-9441-d42bb1f90c45}</UniqueIdentifier>
    </Filter>
    <Filter Include="Framework\06. Widget\01. Widgets\TextBlock">
      <UniqueIdentifier>{ee739951-4a35-442e-ad79-8741f0fc563d}</UniqueIdentifier>
    </Filter>
    <Filter Include="Framework\04. Entity\02. Component\01. Components\VFX">
      <UniqueIdentifier>{3190dcef-c16d-40f0-82d4-ff30c49ffb48}</UniqueIdentifier>
    </Filter>
    <Filter Include="Framework\01. Core\Lib\Collision">
      <UniqueIdentifier>{e1d06568-6a8d-4735-9ec1-bee9c8e835c9}</UniqueIdentifier>
    </Filter>
    <Filter Include="Framework\02. Manager">
      <UniqueIdentifier>{2ca341f6-ad67-423f-b335-7b88c3472463}</UniqueIdentifier>
    </Filter>
    <Filter Include="Framework\02. Manager\Data">
      <UniqueIdentifier>{fdd86622-7b5d-4cc8-808b-89194f8f9b5b}</UniqueIdentifier>
    </Filter>
    <Filter Include="Framework\02. Manager\Data\Resource">
      <UniqueIdentifier>{2b3de1e7-2a2d-490f-acb2-99bb82192459}</UniqueIdentifier>
    </Filter>
    <Filter Include="Framework\03. Scene\04. UI">
      <UniqueIdentifier>{81d21286-dc7b-475b-91d0-cb58d4517747}</UniqueIdentifier>
    </Filter>
    <Filter Include="Framework\03. Scene\02. Camera">
      <UniqueIdentifier>{825e3b1d-8348-4dbc-90c3-9d9b09cc2e77}</UniqueIdentifier>
    </Filter>
    <Filter Include="Framework\03. Scene\03. Collision">
      <UniqueIdentifier>{5f949429-47db-4625-860f-1c3d6575c0cb}</UniqueIdentifier>
    </Filter>
    <Filter Include="Framework\06. Widget\02. UserWidget">
      <UniqueIdentifier>{bccdbab3-76b7-4a15-92fd-52b9cc8437e3}</UniqueIdentifier>
    </Filter>
    <Filter Include="Game\02. Manager">
      <UniqueIdentifier>{18494aaa-50d5-4b20-927a-4c6642a2469b}</UniqueIdentifier>
    </Filter>
    <Filter Include="Game\03. Scenes">
      <UniqueIdentifier>{c57d5f5f-65c0-4d6d-b084-a2fe4fd50c26}</UniqueIdentifier>
    </Filter>
    <Filter Include="Game\03. Scenes\01. Menu">
      <UniqueIdentifier>{804796d2-4f80-4bfd-9481-ea3c881619f6}</UniqueIdentifier>
    </Filter>
    <Filter Include="Game\03. Scenes\02. Play">
      <UniqueIdentifier>{c23aa1c8-628b-4094-965a-45b3da21b13e}</UniqueIdentifier>
    </Filter>
    <Filter Include="Game\03. Scenes\03. Result">
      <UniqueIdentifier>{b045c45d-e6fe-4ad4-895f-26910f652de6}</UniqueIdentifier>
    </Filter>
    <Filter Include="Game\04. UserWidgets">
      <UniqueIdentifier>{e569e8fb-ad9d-4334-ae14-1f64ad2abb66}</UniqueIdentifier>
    </Filter>
    <Filter Include="Game\04. UserWidgets\01. Panels">
      <UniqueIdentifier>{e8b82587-b2ed-4f40-bc29-8fb737a49a22}</UniqueIdentifier>
    </Filter>
    <Filter Include="Game\04. UserWidgets\01. Panels\01. Menu">
      <UniqueIdentifier>{d509d1d3-8080-4757-abd8-fa45d4de0f33}</UniqueIdentifier>
    </Filter>
    <Filter Include="Game\04. UserWidgets\01. Panels\01. Menu\01. Character">
      <UniqueIdentifier>{e8bde7d7-624b-4f97-9dbf-b38c88677a90}</UniqueIdentifier>
    </Filter>
    <Filter Include="Game\04. UserWidgets\01. Panels\01. Menu\02. PowerUp">
      <UniqueIdentifier>{1504c296-c338-4da2-a8f8-eddffe706403}</UniqueIdentifier>
    </Filter>
    <Filter Include="Game\04. UserWidgets\01. Panels\02. Play">
      <UniqueIdentifier>{3a24e883-86f6-4850-8363-e60616826a20}</UniqueIdentifier>
    </Filter>
    <Filter Include="Game\04. UserWidgets\01. Panels\03. Result">
      <UniqueIdentifier>{043c99a7-6e65-4e96-8a06-efe81bbc0b57}</UniqueIdentifier>
    </Filter>
    <Filter Include="Game\04. UserWidgets\02. Slots">
      <UniqueIdentifier>{e7738a38-04b8-477a-a11b-7468c0c02ad0}</UniqueIdentifier>
    </Filter>
    <Filter Include="Game\04. UserWidgets\02. Slots\01. Character">
      <UniqueIdentifier>{80709666-2aef-4a73-8bbb-ca7315492ebf}</UniqueIdentifier>
    </Filter>
    <Filter Include="Game\04. UserWidgets\02. Slots\02. PowerUp">
      <UniqueIdentifier>{77296015-bf41-476f-9e22-cbff06997b29}</UniqueIdentifier>
    </Filter>
    <Filter Include="Game\04. UserWidgets\02. Slots\03. LevelUp">
      <UniqueIdentifier>{4aa58256-4257-46d1-a7f1-b385c573b208}</UniqueIdentifier>
    </Filter>
    <Filter Include="Game\04. UserWidgets\03. ETC">
      <UniqueIdentifier>{ea084ed6-4223-4198-8292-b7ef269e37c7}</UniqueIdentifier>
    </Filter>
    <Filter Include="Game\05. Entity">
      <UniqueIdentifier>{c975c223-c0ef-4c16-bdab-a78723605b31}</UniqueIdentifier>
    </Filter>
    <Filter Include="Game\05. Entity\01. Object">
      <UniqueIdentifier>{09e36b8f-abb1-485f-82d2-3b87ab06f51f}</UniqueIdentifier>
    </Filter>
    <Filter Include="Game\05. Entity\02. Component">
      <UniqueIdentifier>{9ceeea20-6648-49f5-9302-5290fbbba191}</UniqueIdentifier>
    </Filter>
    <Filter Include="Game\02. Manager\GameData">
      <UniqueIdentifier>{4cfcf3fe-16f9-4d58-8629-22752a68b31b}</UniqueIdentifier>
    </Filter>
    <Filter Include="Game\05. Entity\01. Object\01. Map">
      <UniqueIdentifier>{d1b46638-4721-4be6-b1e6-f91d445c564f}</UniqueIdentifier>
    </Filter>
    <Filter Include="Game\05. Entity\01. Object\03. Enemy">
      <UniqueIdentifier>{4310cd1a-7088-490e-8139-7868ef67733a}</UniqueIdentifier>
    </Filter>
    <Filter Include="Game\05. Entity\01. Object\03. Enemy\01. Mob">
      <UniqueIdentifier>{105385b1-98d0-4b21-9b60-cc289cbeca0c}</UniqueIdentifier>
    </Filter>
    <Filter Include="Game\05. Entity\01. Object\03. Enemy\02. Boss">
      <UniqueIdentifier>{3f30e95c-805c-4c8f-af4d-d2b2ab6ed45e}</UniqueIdentifier>
    </Filter>
    <Filter Include="Game\05. Entity\01. Object\02. Player">
      <UniqueIdentifier>{e2280d53-d31c-44c4-8522-9dfeeb7cdebf}</UniqueIdentifier>
    </Filter>
    <Filter Include="Game\05. Entity\01. Object\04. Weapon">
      <UniqueIdentifier>{1fdf0db8-00f2-40ef-8133-0e38c7e6eff0}</UniqueIdentifier>
    </Filter>
    <Filter Include="Game\04. UserWidgets\02. Slots\04. Inventory">
      <UniqueIdentifier>{44fc983d-e58f-465d-a20d-d732115b8c35}</UniqueIdentifier>
    </Filter>
    <Filter Include="Game\05. Entity\02. Component\01. Status">
      <UniqueIdentifier>{c6cffbd7-935e-4a47-a512-be52b30bf536}</UniqueIdentifier>
    </Filter>
    <Filter Include="Game\05. Entity\02. Component\02. Weapon">
      <UniqueIdentifier>{ae2c6d7a-c93f-4971-86df-e50b74e48242}</UniqueIdentifier>
    </Filter>
  </ItemGroup>
  <ItemGroup>
    <ClInclude Include="Core\Timer.h">
      <Filter>Framework\01. Core\Lib\Timer</Filter>
    </ClInclude>
    <ClInclude Include="Core\GameInfo.h">
      <Filter>Framework\01. Core\Lib</Filter>
    </ClInclude>
    <ClInclude Include="Core\External\SDL\close_code.h">
      <Filter>Framework\01. Core\External\SDL</Filter>
    </ClInclude>
    <ClInclude Include="Core\External\SDL\SDL.h">
      <Filter>Framework\01. Core\External\SDL</Filter>
    </ClInclude>
    <ClInclude Include="Core\External\SDL\SDL_assert.h">
      <Filter>Framework\01. Core\External\SDL</Filter>
    </ClInclude>
    <ClInclude Include="Core\External\SDL\SDL_atomic.h">
      <Filter>Framework\01. Core\External\SDL</Filter>
    </ClInclude>
    <ClInclude Include="Core\External\SDL\SDL_audio.h">
      <Filter>Framework\01. Core\External\SDL</Filter>
    </ClInclude>
    <ClInclude Include="Core\External\SDL\SDL_bits.h">
      <Filter>Framework\01. Core\External\SDL</Filter>
    </ClInclude>
    <ClInclude Include="Core\External\SDL\SDL_blendmode.h">
      <Filter>Framework\01. Core\External\SDL</Filter>
    </ClInclude>
    <ClInclude Include="Core\External\SDL\SDL_clipboard.h">
      <Filter>Framework\01. Core\External\SDL</Filter>
    </ClInclude>
    <ClInclude Include="Core\External\SDL\SDL_config.h">
      <Filter>Framework\01. Core\External\SDL</Filter>
    </ClInclude>
    <ClInclude Include="Core\External\SDL\SDL_cpuinfo.h">
      <Filter>Framework\01. Core\External\SDL</Filter>
    </ClInclude>
    <ClInclude Include="Core\External\SDL\SDL_egl.h">
      <Filter>Framework\01. Core\External\SDL</Filter>
    </ClInclude>
    <ClInclude Include="Core\External\SDL\SDL_endian.h">
      <Filter>Framework\01. Core\External\SDL</Filter>
    </ClInclude>
    <ClInclude Include="Core\External\SDL\SDL_error.h">
      <Filter>Framework\01. Core\External\SDL</Filter>
    </ClInclude>
    <ClInclude Include="Core\External\SDL\SDL_events.h">
      <Filter>Framework\01. Core\External\SDL</Filter>
    </ClInclude>
    <ClInclude Include="Core\External\SDL\SDL_filesystem.h">
      <Filter>Framework\01. Core\External\SDL</Filter>
    </ClInclude>
    <ClInclude Include="Core\External\SDL\SDL_gamecontroller.h">
      <Filter>Framework\01. Core\External\SDL</Filter>
    </ClInclude>
    <ClInclude Include="Core\External\SDL\SDL_gesture.h">
      <Filter>Framework\01. Core\External\SDL</Filter>
    </ClInclude>
    <ClInclude Include="Core\External\SDL\SDL_guid.h">
      <Filter>Framework\01. Core\External\SDL</Filter>
    </ClInclude>
    <ClInclude Include="Core\External\SDL\SDL_haptic.h">
      <Filter>Framework\01. Core\External\SDL</Filter>
    </ClInclude>
    <ClInclude Include="Core\External\SDL\SDL_hidapi.h">
      <Filter>Framework\01. Core\External\SDL</Filter>
    </ClInclude>
    <ClInclude Include="Core\External\SDL\SDL_hints.h">
      <Filter>Framework\01. Core\External\SDL</Filter>
    </ClInclude>
    <ClInclude Include="Core\External\SDL\SDL_joystick.h">
      <Filter>Framework\01. Core\External\SDL</Filter>
    </ClInclude>
    <ClInclude Include="Core\External\SDL\SDL_keyboard.h">
      <Filter>Framework\01. Core\External\SDL</Filter>
    </ClInclude>
    <ClInclude Include="Core\External\SDL\SDL_keycode.h">
      <Filter>Framework\01. Core\External\SDL</Filter>
    </ClInclude>
    <ClInclude Include="Core\External\SDL\SDL_loadso.h">
      <Filter>Framework\01. Core\External\SDL</Filter>
    </ClInclude>
    <ClInclude Include="Core\External\SDL\SDL_locale.h">
      <Filter>Framework\01. Core\External\SDL</Filter>
    </ClInclude>
    <ClInclude Include="Core\External\SDL\SDL_log.h">
      <Filter>Framework\01. Core\External\SDL</Filter>
    </ClInclude>
    <ClInclude Include="Core\External\SDL\SDL_main.h">
      <Filter>Framework\01. Core\External\SDL</Filter>
    </ClInclude>
    <ClInclude Include="Core\External\SDL\SDL_messagebox.h">
      <Filter>Framework\01. Core\External\SDL</Filter>
    </ClInclude>
    <ClInclude Include="Core\External\SDL\SDL_metal.h">
      <Filter>Framework\01. Core\External\SDL</Filter>
    </ClInclude>
    <ClInclude Include="Core\External\SDL\SDL_misc.h">
      <Filter>Framework\01. Core\External\SDL</Filter>
    </ClInclude>
    <ClInclude Include="Core\External\SDL\SDL_mouse.h">
      <Filter>Framework\01. Core\External\SDL</Filter>
    </ClInclude>
    <ClInclude Include="Core\External\SDL\SDL_mutex.h">
      <Filter>Framework\01. Core\External\SDL</Filter>
    </ClInclude>
    <ClInclude Include="Core\External\SDL\SDL_name.h">
      <Filter>Framework\01. Core\External\SDL</Filter>
    </ClInclude>
    <ClInclude Include="Core\External\SDL\SDL_opengl.h">
      <Filter>Framework\01. Core\External\SDL</Filter>
    </ClInclude>
    <ClInclude Include="Core\External\SDL\SDL_opengl_glext.h">
      <Filter>Framework\01. Core\External\SDL</Filter>
    </ClInclude>
    <ClInclude Include="Core\External\SDL\SDL_opengles.h">
      <Filter>Framework\01. Core\External\SDL</Filter>
    </ClInclude>
    <ClInclude Include="Core\External\SDL\SDL_opengles2.h">
      <Filter>Framework\01. Core\External\SDL</Filter>
    </ClInclude>
    <ClInclude Include="Core\External\SDL\SDL_opengles2_gl2.h">
      <Filter>Framework\01. Core\External\SDL</Filter>
    </ClInclude>
    <ClInclude Include="Core\External\SDL\SDL_opengles2_gl2ext.h">
      <Filter>Framework\01. Core\External\SDL</Filter>
    </ClInclude>
    <ClInclude Include="Core\External\SDL\SDL_opengles2_gl2platform.h">
      <Filter>Framework\01. Core\External\SDL</Filter>
    </ClInclude>
    <ClInclude Include="Core\External\SDL\SDL_opengles2_khrplatform.h">
      <Filter>Framework\01. Core\External\SDL</Filter>
    </ClInclude>
    <ClInclude Include="Core\External\SDL\SDL_pixels.h">
      <Filter>Framework\01. Core\External\SDL</Filter>
    </ClInclude>
    <ClInclude Include="Core\External\SDL\SDL_platform.h">
      <Filter>Framework\01. Core\External\SDL</Filter>
    </ClInclude>
    <ClInclude Include="Core\External\SDL\SDL_power.h">
      <Filter>Framework\01. Core\External\SDL</Filter>
    </ClInclude>
    <ClInclude Include="Core\External\SDL\SDL_quit.h">
      <Filter>Framework\01. Core\External\SDL</Filter>
    </ClInclude>
    <ClInclude Include="Core\External\SDL\SDL_rect.h">
      <Filter>Framework\01. Core\External\SDL</Filter>
    </ClInclude>
    <ClInclude Include="Core\External\SDL\SDL_render.h">
      <Filter>Framework\01. Core\External\SDL</Filter>
    </ClInclude>
    <ClInclude Include="Core\External\SDL\SDL_revision.h">
      <Filter>Framework\01. Core\External\SDL</Filter>
    </ClInclude>
    <ClInclude Include="Core\External\SDL\SDL_rwops.h">
      <Filter>Framework\01. Core\External\SDL</Filter>
    </ClInclude>
    <ClInclude Include="Core\External\SDL\SDL_scancode.h">
      <Filter>Framework\01. Core\External\SDL</Filter>
    </ClInclude>
    <ClInclude Include="Core\External\SDL\SDL_sensor.h">
      <Filter>Framework\01. Core\External\SDL</Filter>
    </ClInclude>
    <ClInclude Include="Core\External\SDL\SDL_shape.h">
      <Filter>Framework\01. Core\External\SDL</Filter>
    </ClInclude>
    <ClInclude Include="Core\External\SDL\SDL_stdinc.h">
      <Filter>Framework\01. Core\External\SDL</Filter>
    </ClInclude>
    <ClInclude Include="Core\External\SDL\SDL_surface.h">
      <Filter>Framework\01. Core\External\SDL</Filter>
    </ClInclude>
    <ClInclude Include="Core\External\SDL\SDL_system.h">
      <Filter>Framework\01. Core\External\SDL</Filter>
    </ClInclude>
    <ClInclude Include="Core\External\SDL\SDL_syswm.h">
      <Filter>Framework\01. Core\External\SDL</Filter>
    </ClInclude>
    <ClInclude Include="Core\External\SDL\SDL_test.h">
      <Filter>Framework\01. Core\External\SDL</Filter>
    </ClInclude>
    <ClInclude Include="Core\External\SDL\SDL_test_assert.h">
      <Filter>Framework\01. Core\External\SDL</Filter>
    </ClInclude>
    <ClInclude Include="Core\External\SDL\SDL_test_common.h">
      <Filter>Framework\01. Core\External\SDL</Filter>
    </ClInclude>
    <ClInclude Include="Core\External\SDL\SDL_test_compare.h">
      <Filter>Framework\01. Core\External\SDL</Filter>
    </ClInclude>
    <ClInclude Include="Core\External\SDL\SDL_test_crc32.h">
      <Filter>Framework\01. Core\External\SDL</Filter>
    </ClInclude>
    <ClInclude Include="Core\External\SDL\SDL_test_font.h">
      <Filter>Framework\01. Core\External\SDL</Filter>
    </ClInclude>
    <ClInclude Include="Core\External\SDL\SDL_test_fuzzer.h">
      <Filter>Framework\01. Core\External\SDL</Filter>
    </ClInclude>
    <ClInclude Include="Core\External\SDL\SDL_test_harness.h">
      <Filter>Framework\01. Core\External\SDL</Filter>
    </ClInclude>
    <ClInclude Include="Core\External\SDL\SDL_test_images.h">
      <Filter>Framework\01. Core\External\SDL</Filter>
    </ClInclude>
    <ClInclude Include="Core\External\SDL\SDL_test_log.h">
      <Filter>Framework\01. Core\External\SDL</Filter>
    </ClInclude>
    <ClInclude Include="Core\External\SDL\SDL_test_md5.h">
      <Filter>Framework\01. Core\External\SDL</Filter>
    </ClInclude>
    <ClInclude Include="Core\External\SDL\SDL_test_memory.h">
      <Filter>Framework\01. Core\External\SDL</Filter>
    </ClInclude>
    <ClInclude Include="Core\External\SDL\SDL_test_random.h">
      <Filter>Framework\01. Core\External\SDL</Filter>
    </ClInclude>
    <ClInclude Include="Core\External\SDL\SDL_thread.h">
      <Filter>Framework\01. Core\External\SDL</Filter>
    </ClInclude>
    <ClInclude Include="Core\External\SDL\SDL_timer.h">
      <Filter>Framework\01. Core\External\SDL</Filter>
    </ClInclude>
    <ClInclude Include="Core\External\SDL\SDL_touch.h">
      <Filter>Framework\01. Core\External\SDL</Filter>
    </ClInclude>
    <ClInclude Include="Core\External\SDL\SDL_types.h">
      <Filter>Framework\01. Core\External\SDL</Filter>
    </ClInclude>
    <ClInclude Include="Core\External\SDL\SDL_version.h">
      <Filter>Framework\01. Core\External\SDL</Filter>
    </ClInclude>
    <ClInclude Include="Core\External\SDL\SDL_video.h">
      <Filter>Framework\01. Core\External\SDL</Filter>
    </ClInclude>
    <ClInclude Include="Core\External\SDL\SDL_vulkan.h">
      <Filter>Framework\01. Core\External\SDL</Filter>
    </ClInclude>
    <ClInclude Include="Core\External\SDL\begin_code.h">
      <Filter>Framework\01. Core\External\SDL</Filter>
    </ClInclude>
    <ClInclude Include="Scene\Scene.h">
      <Filter>Framework\03. Scene</Filter>
    </ClInclude>
    <ClInclude Include="Manager\SceneManager.h">
      <Filter>Framework\02. Manager</Filter>
    </ClInclude>
    <ClInclude Include="Core\StaticMemoryPool.h">
      <Filter>Framework\01. Core\Lib</Filter>
    </ClInclude>
    <ClInclude Include="Manager\MemoryPoolManager.h">
      <Filter>Framework\02. Manager</Filter>
    </ClInclude>
    <ClInclude Include="Entity\Object\Object.h">
      <Filter>Framework\04. Entity\01. Object</Filter>
    </ClInclude>
    <ClInclude Include="Core\Transform.h">
      <Filter>Framework\04. Entity\02. Component\00. Transform</Filter>
    </ClInclude>
    <ClInclude Include="Core\Vector2D.h">
      <Filter>Framework\01. Core\Lib\Math</Filter>
    </ClInclude>
    <ClInclude Include="Manager\CollisionManager.h">
      <Filter>Framework\02. Manager</Filter>
    </ClInclude>
    <ClInclude Include="Scene\Extension\QuadTree.h">
      <Filter>Framework\03. Scene\03. Collision</Filter>
    </ClInclude>
    <ClInclude Include="Scene\Extension\SceneCollision.h">
      <Filter>Framework\03. Scene\03. Collision</Filter>
    </ClInclude>
    <ClInclude Include="Scene\Extension\QTNode.h">
      <Filter>Framework\03. Scene\03. Collision</Filter>
    </ClInclude>
    <ClInclude Include="Core\RefCounter.h">
      <Filter>Framework\01. Core\Lib\SmartPtr</Filter>
    </ClInclude>
    <ClInclude Include="Core\SharedPtr.h">
      <Filter>Framework\01. Core\Lib\SmartPtr</Filter>
    </ClInclude>
    <ClInclude Include="Entity\EntityBase.h">
      <Filter>Framework\04. Entity</Filter>
    </ClInclude>
    <ClInclude Include="Resource\Texture.h">
      <Filter>Framework\05. Resource</Filter>
    </ClInclude>
    <ClInclude Include="Core\External\SDL\SDL_image.h">
      <Filter>Framework\01. Core\External\SDL</Filter>
    </ClInclude>
    <ClInclude Include="Entity\Component\SpriteComponent.h">
      <Filter>Framework\04. Entity\02. Component\01. Components\Texture</Filter>
    </ClInclude>
    <ClInclude Include="Entity\Component\Collider\BoxCollider.h">
      <Filter>Framework\04. Entity\02. Component\01. Components\Collider</Filter>
    </ClInclude>
    <ClInclude Include="Entity\Component\Collider\CircleCollider.h">
      <Filter>Framework\04. Entity\02. Component\01. Components\Collider</Filter>
    </ClInclude>
    <ClInclude Include="Entity\Component\Collider\Collider.h">
      <Filter>Framework\04. Entity\02. Component\01. Components\Collider</Filter>
    </ClInclude>
    <ClInclude Include="Resource\Animation.h">
      <Filter>Framework\05. Resource</Filter>
    </ClInclude>
    <ClInclude Include="Entity\Component\MovementComponent.h">
      <Filter>Framework\04. Entity\02. Component\01. Components\Movement</Filter>
    </ClInclude>
    <ClInclude Include="Scene\Extension\Camera.h">
      <Filter>Framework\03. Scene\02. Camera</Filter>
    </ClInclude>
    <ClInclude Include="Scene\Extension\SceneUI.h">
      <Filter>Framework\03. Scene\04. UI</Filter>
    </ClInclude>
    <ClInclude Include="Widget\WidgetBase.h">
      <Filter>Framework\06. Widget</Filter>
    </ClInclude>
    <ClInclude Include="Core\External\SDL\SDL_ttf.h">
      <Filter>Framework\01. Core\External\SDL</Filter>
    </ClInclude>
    <ClInclude Include="Resource\Font.h">
      <Filter>Framework\05. Resource</Filter>
    </ClInclude>
    <ClInclude Include="Entity\Component\WidgetComponent.h">
      <Filter>Framework\04. Entity\02. Component\01. Components\Widget</Filter>
    </ClInclude>
    <ClInclude Include="Core\External\SDL\SDL_mixer.h">
      <Filter>Framework\01. Core\External\SDL</Filter>
    </ClInclude>
    <ClInclude Include="Core\Utils\InputUtils.h">
      <Filter>Framework\01. Core\Lib\Utils</Filter>
    </ClInclude>
    <ClInclude Include="Core\Utils\SceneUtils.h">
      <Filter>Framework\01. Core\Lib\Utils</Filter>
    </ClInclude>
    <ClInclude Include="Core\Utils\LayerUtils.h">
      <Filter>Framework\01. Core\Lib\Utils</Filter>
    </ClInclude>
    <ClInclude Include="Core\Utils\WidgetUtils.h">
      <Filter>Framework\01. Core\Lib\Utils</Filter>
    </ClInclude>
    <ClInclude Include="Core\Utils\AniUtils.h">
      <Filter>Framework\01. Core\Lib\Utils</Filter>
    </ClInclude>
    <ClInclude Include="Entity\Component\Rigidbody.h">
      <Filter>Framework\04. Entity\02. Component\01. Components\Rigidbody</Filter>
    </ClInclude>
    <ClInclude Include="Core\Utils\PhysicsUtils.h">
      <Filter>Framework\01. Core\Lib\Utils</Filter>
    </ClInclude>
    <ClInclude Include="Manager\PhysicsManager.h">
      <Filter>Framework\02. Manager</Filter>
    </ClInclude>
    <ClInclude Include="Core\Utils\ColliderUtils.h">
      <Filter>Framework\01. Core\Lib\Utils</Filter>
    </ClInclude>
    <ClInclude Include="Widget\AllWidgets.h">
      <Filter>Framework\06. Widget</Filter>
    </ClInclude>
    <ClInclude Include="Scene\MenuScene.h">
      <Filter>Game\03. Scenes\01. Menu</Filter>
    </ClInclude>
    <ClInclude Include="Scene\Extension\MenuUI.h">
      <Filter>Game\03. Scenes\01. Menu</Filter>
    </ClInclude>
    <ClInclude Include="Scene\PlayScene.h">
      <Filter>Game\03. Scenes\02. Play</Filter>
    </ClInclude>
    <ClInclude Include="Entity\Component\Component.h">
      <Filter>Framework\04. Entity\02. Component</Filter>
    </ClInclude>
    <ClInclude Include="Widget\AnimatedImage.h">
      <Filter>Framework\06. Widget\01. Widgets\AnimatedImage</Filter>
    </ClInclude>
    <ClInclude Include="Widget\Button.h">
      <Filter>Framework\06. Widget\01. Widgets\Button</Filter>
    </ClInclude>
    <ClInclude Include="Widget\Image.h">
      <Filter>Framework\06. Widget\01. Widgets\Image</Filter>
    </ClInclude>
    <ClInclude Include="Widget\ProgressBar.h">
      <Filter>Framework\06. Widget\01. Widgets\ProgressBar</Filter>
    </ClInclude>
    <ClInclude Include="Widget\TextBlock.h">
      <Filter>Framework\06. Widget\01. Widgets\TextBlock</Filter>
    </ClInclude>
    <ClInclude Include="Widget\Slider.h">
      <Filter>Framework\06. Widget\01. Widgets\Slider</Filter>
    </ClInclude>
    <ClInclude Include="Widget\Widget.h">
      <Filter>Framework\06. Widget\01. Widgets</Filter>
    </ClInclude>
    <ClInclude Include="Widget\UserWidget.h">
      <Filter>Framework\06. Widget\02. UserWidget</Filter>
    </ClInclude>
    <ClInclude Include="Entity\Object\MadForest.h">
      <Filter>Game\05. Entity\01. Object\01. Map</Filter>
    </ClInclude>
    <ClInclude Include="Entity\Component\AllComponents.h">
      <Filter>Framework\04. Entity\02. Component</Filter>
    </ClInclude>
    <ClInclude Include="Entity\Component\ScrollMapComponent.h">
      <Filter>Game\05. Entity\02. Component</Filter>
    </ClInclude>
    <ClInclude Include="Entity\Object\Player.h">
      <Filter>Game\05. Entity\01. Object\02. Player</Filter>
    </ClInclude>
    <ClInclude Include="Entity\Object\Sahur.h">
      <Filter>Game\05. Entity\01. Object\02. Player</Filter>
    </ClInclude>
    <ClInclude Include="Entity\Object\AllObjects.h">
      <Filter>Framework\04. Entity\01. Object</Filter>
    </ClInclude>
    <ClInclude Include="Entity\Object\ScrollEnvObj.h">
      <Filter>Game\05. Entity\01. Object\01. Map</Filter>
    </ClInclude>
    <ClInclude Include="Entity\Object\Bananini.h">
      <Filter>Game\05. Entity\01. Object\02. Player</Filter>
    </ClInclude>
    <ClInclude Include="Entity\Object\Tralala.h">
      <Filter>Game\05. Entity\01. Object\02. Player</Filter>
    </ClInclude>
    <ClInclude Include="Entity\Component\InputComponent.h">
      <Filter>Framework\04. Entity\02. Component\01. Components\Input</Filter>
    </ClInclude>
    <ClInclude Include="Scene\Extension\PlayUI.h">
      <Filter>Game\03. Scenes\02. Play</Filter>
    </ClInclude>
    <ClInclude Include="Scene\ResultScene.h">
      <Filter>Game\03. Scenes\03. Result</Filter>
    </ClInclude>
    <ClInclude Include="Scene\Extension\ResultUI.h">
      <Filter>Game\03. Scenes\03. Result</Filter>
    </ClInclude>
    <ClInclude Include="Core\DataLoader.h">
      <Filter>Framework\01. Core\Lib\Data</Filter>
    </ClInclude>
    <ClInclude Include="Manager\Data\Resource\AnimationManager.h">
      <Filter>Framework\02. Manager\Data\Resource</Filter>
    </ClInclude>
    <ClInclude Include="Manager\Data\Resource\AssetManager.h">
      <Filter>Framework\02. Manager\Data\Resource</Filter>
    </ClInclude>
    <ClInclude Include="Manager\Data\Resource\FontManager.h">
      <Filter>Framework\02. Manager\Data\Resource</Filter>
    </ClInclude>
    <ClInclude Include="Manager\Data\Resource\SoundManager.h">
      <Filter>Framework\02. Manager\Data\Resource</Filter>
    </ClInclude>
    <ClInclude Include="Manager\Data\Resource\SpriteManager.h">
      <Filter>Framework\02. Manager\Data\Resource</Filter>
    </ClInclude>
    <ClInclude Include="Manager\Data\Resource\TextureManager.h">
      <Filter>Framework\02. Manager\Data\Resource</Filter>
    </ClInclude>
    <ClInclude Include="Manager\Data\Resource\UIManager.h">
      <Filter>Framework\02. Manager\Data\Resource</Filter>
    </ClInclude>
    <ClInclude Include="Manager\Data\PathManager.h">
      <Filter>Framework\02. Manager\Data</Filter>
    </ClInclude>
    <ClInclude Include="Manager\Data\GameData\CharacterDataManager.h">
      <Filter>Game\02. Manager\GameData</Filter>
    </ClInclude>
    <ClInclude Include="Manager\Data\GameData\GameDataManager.h">
      <Filter>Game\02. Manager\GameData</Filter>
    </ClInclude>
    <ClInclude Include="Manager\Data\GameData\ItemDataManager.h">
      <Filter>Game\02. Manager\GameData</Filter>
    </ClInclude>
    <ClInclude Include="Core\Utils\GameDataUtils.h">
      <Filter>Game\01. Core\Utils</Filter>
    </ClInclude>
    <ClInclude Include="Widget\OptionPanel.h">
      <Filter>Game\04. UserWidgets\01. Panels</Filter>
    </ClInclude>
    <ClInclude Include="Widget\HighlightSelectedSlot.h">
      <Filter>Game\04. UserWidgets\02. Slots</Filter>
    </ClInclude>
    <ClInclude Include="Widget\Slot.h">
      <Filter>Game\04. UserWidgets\02. Slots</Filter>
    </ClInclude>
    <ClInclude Include="Widget\CharacterInfoPanel.h">
      <Filter>Game\04. UserWidgets\01. Panels\01. Menu\01. Character</Filter>
    </ClInclude>
    <ClInclude Include="Widget\CharacterSelectPanel.h">
      <Filter>Game\04. UserWidgets\01. Panels\01. Menu\01. Character</Filter>
    </ClInclude>
    <ClInclude Include="Widget\PowerUpInfoPanel.h">
      <Filter>Game\04. UserWidgets\01. Panels\01. Menu\02. PowerUp</Filter>
    </ClInclude>
    <ClInclude Include="Widget\PowerUpSelectPanel.h">
      <Filter>Game\04. UserWidgets\01. Panels\01. Menu\02. PowerUp</Filter>
    </ClInclude>
    <ClInclude Include="Widget\CharacterSlot.h">
      <Filter>Game\04. UserWidgets\02. Slots\01. Character</Filter>
    </ClInclude>
    <ClInclude Include="Widget\PowerUpSlot.h">
      <Filter>Game\04. UserWidgets\02. Slots\02. PowerUp</Filter>
    </ClInclude>
    <ClInclude Include="Widget\MoneyHUD.h">
      <Filter>Game\04. UserWidgets\03. ETC</Filter>
    </ClInclude>
    <ClInclude Include="Widget\ExpBar.h">
      <Filter>Game\04. UserWidgets\03. ETC</Filter>
    </ClInclude>
    <ClInclude Include="Widget\Portrait.h">
      <Filter>Game\04. UserWidgets\03. ETC</Filter>
    </ClInclude>
    <ClInclude Include="Widget\KillCounter.h">
      <Filter>Game\04. UserWidgets\03. ETC</Filter>
    </ClInclude>
    <ClInclude Include="Widget\TimeHUD.h">
      <Filter>Game\04. UserWidgets\03. ETC</Filter>
    </ClInclude>
    <ClInclude Include="Scene\Extension\Layer.h">
      <Filter>Framework\03. Scene\01. Layer</Filter>
    </ClInclude>
    <ClInclude Include="Entity\Component\VFXComponent.h">
      <Filter>Framework\04. Entity\02. Component\01. Components\VFX</Filter>
    </ClInclude>
    <ClInclude Include="Manager\InputManager.h">
      <Filter>Framework\02. Manager</Filter>
    </ClInclude>
    <ClInclude Include="Widget\PausePanel.h">
      <Filter>Game\04. UserWidgets\01. Panels\02. Play</Filter>
    </ClInclude>
    <ClInclude Include="Widget\PlayPanel.h">
      <Filter>Game\04. UserWidgets\01. Panels\02. Play</Filter>
    </ClInclude>
    <ClInclude Include="Widget\CreditsPanel.h">
      <Filter>Game\04. UserWidgets\01. Panels\01. Menu</Filter>
    </ClInclude>
    <ClInclude Include="Widget\MainMenuPanel.h">
      <Filter>Game\04. UserWidgets\01. Panels\01. Menu</Filter>
    </ClInclude>
    <ClInclude Include="Widget\PressToStartPanel.h">
      <Filter>Game\04. UserWidgets\01. Panels\01. Menu</Filter>
    </ClInclude>
    <ClInclude Include="Widget\ResultPanel.h">
      <Filter>Game\04. UserWidgets\01. Panels\03. Result</Filter>
    </ClInclude>
    <ClInclude Include="Widget\LevelUpPanel.h">
      <Filter>Game\04. UserWidgets\01. Panels\02. Play</Filter>
    </ClInclude>
    <ClInclude Include="Core\CollisionProfile.h">
      <Filter>Framework\01. Core\Lib\Collision</Filter>
    </ClInclude>
    <ClInclude Include="Core\ColliderPair.h">
      <Filter>Framework\01. Core\Lib\Collision</Filter>
    </ClInclude>
    <ClInclude Include="Widget\LevelUpSlot.h">
      <Filter>Game\04. UserWidgets\02. Slots\03. LevelUp</Filter>
    </ClInclude>
    <ClInclude Include="Engine.h">
      <Filter>Framework</Filter>
    </ClInclude>
    <ClInclude Include="Resource\BGM.h">
      <Filter>Framework\05. Resource</Filter>
    </ClInclude>
    <ClInclude Include="Resource\SFX.h">
      <Filter>Framework\05. Resource</Filter>
    </ClInclude>
    <ClInclude Include="Manager\Data\GameData\PlayerProfile.h">
      <Filter>Game\01. Core</Filter>
    </ClInclude>
    <ClInclude Include="Widget\GameOverPanel.h">
      <Filter>Game\04. UserWidgets\01. Panels\02. Play</Filter>
    </ClInclude>
    <ClInclude Include="Entity\Object\Enemy.h">
      <Filter>Game\05. Entity\01. Object\03. Enemy</Filter>
    </ClInclude>
    <ClInclude Include="Entity\Component\ChaseComponent.h">
      <Filter>Game\05. Entity\02. Component</Filter>
    </ClInclude>
    <ClInclude Include="Scene\Extension\MobSpawner.h">
      <Filter>Game\03. Scenes\02. Play</Filter>
    </ClInclude>
    <ClInclude Include="Entity\Component\InventoryComponent.h">
      <Filter>Game\05. Entity\02. Component</Filter>
    </ClInclude>
    <ClInclude Include="Core\Utils\InventoryUtils.h">
      <Filter>Game\01. Core\Utils</Filter>
    </ClInclude>
    <ClInclude Include="Manager\EventManager.h">
      <Filter>Game\02. Manager</Filter>
    </ClInclude>
    <ClInclude Include="Core\Utils\EventUtils.h">
      <Filter>Game\01. Core\Utils</Filter>
    </ClInclude>
    <ClInclude Include="Manager\AllManagers.h">
      <Filter>Framework\02. Manager</Filter>
    </ClInclude>
    <ClInclude Include="Entity\Object\Trickster.h">
      <Filter>Game\05. Entity\01. Object\03. Enemy\02. Boss</Filter>
    </ClInclude>
    <ClInclude Include="Entity\Object\Drowner.h">
      <Filter>Game\05. Entity\01. Object\03. Enemy\02. Boss</Filter>
    </ClInclude>
    <ClInclude Include="Entity\Object\Ender.h">
      <Filter>Game\05. Entity\01. Object\03. Enemy\02. Boss</Filter>
    </ClInclude>
    <ClInclude Include="Entity\Object\Maddener.h">
      <Filter>Game\05. Entity\01. Object\03. Enemy\02. Boss</Filter>
    </ClInclude>
    <ClInclude Include="Entity\Object\Reaper.h">
      <Filter>Game\05. Entity\01. Object\03. Enemy\02. Boss</Filter>
    </ClInclude>
    <ClInclude Include="Entity\Object\Stalker.h">
      <Filter>Game\05. Entity\01. Object\03. Enemy\02. Boss</Filter>
    </ClInclude>
    <ClInclude Include="Entity\Object\Skeleton.h">
      <Filter>Game\05. Entity\01. Object\03. Enemy\01. Mob</Filter>
    </ClInclude>
    <ClInclude Include="Entity\Object\SkeletonAngel.h">
      <Filter>Game\05. Entity\01. Object\03. Enemy\01. Mob</Filter>
    </ClInclude>
    <ClInclude Include="Entity\Object\SkeletonDragon.h">
      <Filter>Game\05. Entity\01. Object\03. Enemy\01. Mob</Filter>
    </ClInclude>
    <ClInclude Include="Entity\Object\SkeletonKnife.h">
      <Filter>Game\05. Entity\01. Object\03. Enemy\01. Mob</Filter>
    </ClInclude>
    <ClInclude Include="Entity\Object\SkeletonMad.h">
      <Filter>Game\05. Entity\01. Object\03. Enemy\01. Mob</Filter>
    </ClInclude>
    <ClInclude Include="Entity\Object\SkeletonNinja.h">
      <Filter>Game\05. Entity\01. Object\03. Enemy\01. Mob</Filter>
    </ClInclude>
    <ClInclude Include="Entity\Object\SkeletonPanther.h">
      <Filter>Game\05. Entity\01. Object\03. Enemy\01. Mob</Filter>
    </ClInclude>
    <ClInclude Include="Entity\Object\SkeletonXL.h">
      <Filter>Game\05. Entity\01. Object\03. Enemy\01. Mob</Filter>
    </ClInclude>
    <ClInclude Include="Entity\Object\Skull.h">
      <Filter>Game\05. Entity\01. Object\03. Enemy\01. Mob</Filter>
    </ClInclude>
    <ClInclude Include="Manager\Data\GameData\MobDataManager.h">
      <Filter>Game\02. Manager\GameData</Filter>
    </ClInclude>
    <ClInclude Include="Widget\InventoryPanel.h">
      <Filter>Game\04. UserWidgets\01. Panels\02. Play</Filter>
    </ClInclude>
    <ClInclude Include="Widget\InventoryWeaponSlot.h">
      <Filter>Game\04. UserWidgets\02. Slots\04. Inventory</Filter>
    </ClInclude>
    <ClInclude Include="Widget\InventoryPowerUpSlot.h">
      <Filter>Game\04. UserWidgets\02. Slots\04. Inventory</Filter>
    </ClInclude>
    <ClInclude Include="Scene\Extension\LevelUpHandler.h">
      <Filter>Game\03. Scenes\02. Play</Filter>
    </ClInclude>
    <ClInclude Include="Entity\Object\Bubble.h">
      <Filter>Game\05. Entity\01. Object\04. Weapon</Filter>
    </ClInclude>
    <ClInclude Include="Entity\Component\BananaWeaponComponent.h">
      <Filter>Game\05. Entity\02. Component\02. Weapon</Filter>
    </ClInclude>
    <ClInclude Include="Entity\Component\BatWeaponComponent.h">
      <Filter>Game\05. Entity\02. Component\02. Weapon</Filter>
    </ClInclude>
    <ClInclude Include="Entity\Component\BubbleWeaponComponent.h">
      <Filter>Game\05. Entity\02. Component\02. Weapon</Filter>
    </ClInclude>
    <ClInclude Include="Entity\Component\EnemyStatusComponent.h">
      <Filter>Game\05. Entity\02. Component\01. Status</Filter>
    </ClInclude>
    <ClInclude Include="Entity\Component\PlayerStatusComponent.h">
      <Filter>Game\05. Entity\02. Component\01. Status</Filter>
    </ClInclude>
    <ClInclude Include="Entity\Component\WeaponComponent.h">
      <Filter>Game\05. Entity\02. Component\02. Weapon</Filter>
    </ClInclude>
  </ItemGroup>
  <ItemGroup>
    <ClCompile Include="Core\Timer.cpp">
      <Filter>Framework\01. Core\Lib\Timer</Filter>
    </ClCompile>
    <ClCompile Include="Scene\Scene.cpp">
      <Filter>Framework\03. Scene</Filter>
    </ClCompile>
    <ClCompile Include="Manager\SceneManager.cpp">
      <Filter>Framework\02. Manager</Filter>
    </ClCompile>
    <ClCompile Include="Manager\MemoryPoolManager.cpp">
      <Filter>Framework\02. Manager</Filter>
    </ClCompile>
    <ClCompile Include="Entity\Object\Object.cpp">
      <Filter>Framework\04. Entity\01. Object</Filter>
    </ClCompile>
    <ClCompile Include="Core\Transform.cpp">
      <Filter>Framework\04. Entity\02. Component\00. Transform</Filter>
    </ClCompile>
    <ClCompile Include="Core\Vector2D.cpp">
      <Filter>Framework\01. Core\Lib\Math</Filter>
    </ClCompile>
    <ClCompile Include="Manager\CollisionManager.cpp">
      <Filter>Framework\02. Manager</Filter>
    </ClCompile>
    <ClCompile Include="Scene\Extension\QuadTree.cpp">
      <Filter>Framework\03. Scene\03. Collision</Filter>
    </ClCompile>
    <ClCompile Include="Scene\Extension\SceneCollision.cpp">
      <Filter>Framework\03. Scene\03. Collision</Filter>
    </ClCompile>
    <ClCompile Include="Scene\Extension\QTNode.cpp">
      <Filter>Framework\03. Scene\03. Collision</Filter>
    </ClCompile>
    <ClCompile Include="Resource\Texture.cpp">
      <Filter>Framework\05. Resource</Filter>
    </ClCompile>
    <ClCompile Include="Entity\Component\SpriteComponent.cpp">
      <Filter>Framework\04. Entity\02. Component\01. Components\Texture</Filter>
    </ClCompile>
    <ClCompile Include="Entity\Component\Collider\BoxCollider.cpp">
      <Filter>Framework\04. Entity\02. Component\01. Components\Collider</Filter>
    </ClCompile>
    <ClCompile Include="Entity\Component\Collider\CircleCollider.cpp">
      <Filter>Framework\04. Entity\02. Component\01. Components\Collider</Filter>
    </ClCompile>
    <ClCompile Include="Entity\Component\Collider\Collider.cpp">
      <Filter>Framework\04. Entity\02. Component\01. Components\Collider</Filter>
    </ClCompile>
    <ClCompile Include="Resource\Animation.cpp">
      <Filter>Framework\05. Resource</Filter>
    </ClCompile>
    <ClCompile Include="Entity\Component\MovementComponent.cpp">
      <Filter>Framework\04. Entity\02. Component\01. Components\Movement</Filter>
    </ClCompile>
    <ClCompile Include="Scene\Extension\Camera.cpp">
      <Filter>Framework\03. Scene\02. Camera</Filter>
    </ClCompile>
    <ClCompile Include="Scene\Extension\SceneUI.cpp">
      <Filter>Framework\03. Scene\04. UI</Filter>
    </ClCompile>
    <ClCompile Include="Resource\Font.cpp">
      <Filter>Framework\05. Resource</Filter>
    </ClCompile>
    <ClCompile Include="Entity\Component\WidgetComponent.cpp">
      <Filter>Framework\04. Entity\02. Component\01. Components\Widget</Filter>
    </ClCompile>
    <ClCompile Include="Entity\Component\Rigidbody.cpp">
      <Filter>Framework\04. Entity\02. Component\01. Components\Rigidbody</Filter>
    </ClCompile>
    <ClCompile Include="Manager\PhysicsManager.cpp">
      <Filter>Framework\02. Manager</Filter>
    </ClCompile>
    <ClCompile Include="Scene\MenuScene.cpp">
      <Filter>Game\03. Scenes\01. Menu</Filter>
    </ClCompile>
    <ClCompile Include="Scene\Extension\MenuUI.cpp">
      <Filter>Game\03. Scenes\01. Menu</Filter>
    </ClCompile>
    <ClCompile Include="Scene\PlayScene.cpp">
      <Filter>Game\03. Scenes\02. Play</Filter>
    </ClCompile>
    <ClCompile Include="Entity\Component\Component.cpp">
      <Filter>Framework\04. Entity\02. Component</Filter>
    </ClCompile>
    <ClCompile Include="Widget\AnimatedImage.cpp">
      <Filter>Framework\06. Widget\01. Widgets\AnimatedImage</Filter>
    </ClCompile>
    <ClCompile Include="Widget\Button.cpp">
      <Filter>Framework\06. Widget\01. Widgets\Button</Filter>
    </ClCompile>
    <ClCompile Include="Widget\Image.cpp">
      <Filter>Framework\06. Widget\01. Widgets\Image</Filter>
    </ClCompile>
    <ClCompile Include="Widget\ProgressBar.cpp">
      <Filter>Framework\06. Widget\01. Widgets\ProgressBar</Filter>
    </ClCompile>
    <ClCompile Include="Widget\TextBlock.cpp">
      <Filter>Framework\06. Widget\01. Widgets\TextBlock</Filter>
    </ClCompile>
    <ClCompile Include="Widget\Slider.cpp">
      <Filter>Framework\06. Widget\01. Widgets\Slider</Filter>
    </ClCompile>
    <ClCompile Include="Widget\Widget.cpp">
      <Filter>Framework\06. Widget\01. Widgets</Filter>
    </ClCompile>
    <ClCompile Include="Widget\UserWidget.cpp">
      <Filter>Framework\06. Widget\02. UserWidget</Filter>
    </ClCompile>
    <ClCompile Include="Entity\Object\MadForest.cpp">
      <Filter>Game\05. Entity\01. Object\01. Map</Filter>
    </ClCompile>
    <ClCompile Include="Entity\Component\ScrollMapComponent.cpp">
      <Filter>Game\05. Entity\02. Component</Filter>
    </ClCompile>
    <ClCompile Include="Entity\Object\Player.cpp">
      <Filter>Game\05. Entity\01. Object\02. Player</Filter>
    </ClCompile>
    <ClCompile Include="Entity\Object\Sahur.cpp">
      <Filter>Game\05. Entity\01. Object\02. Player</Filter>
    </ClCompile>
    <ClCompile Include="Entity\Object\ScrollEnvObj.cpp">
      <Filter>Game\05. Entity\01. Object\01. Map</Filter>
    </ClCompile>
    <ClCompile Include="Entity\Object\Bananini.cpp">
      <Filter>Game\05. Entity\01. Object\02. Player</Filter>
    </ClCompile>
    <ClCompile Include="Entity\Object\Tralala.cpp">
      <Filter>Game\05. Entity\01. Object\02. Player</Filter>
    </ClCompile>
    <ClCompile Include="Entity\Component\InputComponent.cpp">
      <Filter>Framework\04. Entity\02. Component\01. Components\Input</Filter>
    </ClCompile>
    <ClCompile Include="Scene\Extension\PlayUI.cpp">
      <Filter>Game\03. Scenes\02. Play</Filter>
    </ClCompile>
    <ClCompile Include="Client.cpp" />
    <ClCompile Include="Scene\ResultScene.cpp">
      <Filter>Game\03. Scenes\03. Result</Filter>
    </ClCompile>
    <ClCompile Include="Scene\Extension\ResultUI.cpp">
      <Filter>Game\03. Scenes\03. Result</Filter>
    </ClCompile>
    <ClCompile Include="Core\DataLoader.cpp">
      <Filter>Framework\01. Core\Lib\Data</Filter>
    </ClCompile>
    <ClCompile Include="Manager\Data\Resource\AnimationManager.cpp">
      <Filter>Framework\02. Manager\Data\Resource</Filter>
    </ClCompile>
    <ClCompile Include="Manager\Data\Resource\AssetManager.cpp">
      <Filter>Framework\02. Manager\Data\Resource</Filter>
    </ClCompile>
    <ClCompile Include="Manager\Data\Resource\FontManager.cpp">
      <Filter>Framework\02. Manager\Data\Resource</Filter>
    </ClCompile>
    <ClCompile Include="Manager\Data\Resource\SoundManager.cpp">
      <Filter>Framework\02. Manager\Data\Resource</Filter>
    </ClCompile>
    <ClCompile Include="Manager\Data\Resource\TextureManager.cpp">
      <Filter>Framework\02. Manager\Data\Resource</Filter>
    </ClCompile>
    <ClCompile Include="Manager\Data\PathManager.cpp">
      <Filter>Framework\02. Manager\Data</Filter>
    </ClCompile>
    <ClCompile Include="Manager\Data\GameData\GameDataManager.cpp">
      <Filter>Game\02. Manager\GameData</Filter>
    </ClCompile>
    <ClCompile Include="Widget\OptionPanel.cpp">
      <Filter>Game\04. UserWidgets\01. Panels</Filter>
    </ClCompile>
    <ClCompile Include="Widget\HighlightSelectedSlot.cpp">
      <Filter>Game\04. UserWidgets\02. Slots</Filter>
    </ClCompile>
    <ClCompile Include="Widget\CharacterInfoPanel.cpp">
      <Filter>Game\04. UserWidgets\01. Panels\01. Menu\01. Character</Filter>
    </ClCompile>
    <ClCompile Include="Widget\CharacterSelectPanel.cpp">
      <Filter>Game\04. UserWidgets\01. Panels\01. Menu\01. Character</Filter>
    </ClCompile>
    <ClCompile Include="Widget\PowerUpInfoPanel.cpp">
      <Filter>Game\04. UserWidgets\01. Panels\01. Menu\02. PowerUp</Filter>
    </ClCompile>
    <ClCompile Include="Widget\PowerUpSelectPanel.cpp">
      <Filter>Game\04. UserWidgets\01. Panels\01. Menu\02. PowerUp</Filter>
    </ClCompile>
    <ClCompile Include="Widget\CharacterSlot.cpp">
      <Filter>Game\04. UserWidgets\02. Slots\01. Character</Filter>
    </ClCompile>
    <ClCompile Include="Widget\PowerUpSlot.cpp">
      <Filter>Game\04. UserWidgets\02. Slots\02. PowerUp</Filter>
    </ClCompile>
    <ClCompile Include="Widget\MoneyHUD.cpp">
      <Filter>Game\04. UserWidgets\03. ETC</Filter>
    </ClCompile>
    <ClCompile Include="Widget\ExpBar.cpp">
      <Filter>Game\04. UserWidgets\03. ETC</Filter>
    </ClCompile>
    <ClCompile Include="Widget\Portrait.cpp">
      <Filter>Game\04. UserWidgets\03. ETC</Filter>
    </ClCompile>
    <ClCompile Include="Widget\KillCounter.cpp">
      <Filter>Game\04. UserWidgets\03. ETC</Filter>
    </ClCompile>
    <ClCompile Include="Widget\TimeHUD.cpp">
      <Filter>Game\04. UserWidgets\03. ETC</Filter>
    </ClCompile>
    <ClCompile Include="Scene\Extension\Layer.cpp">
      <Filter>Framework\03. Scene\01. Layer</Filter>
    </ClCompile>
    <ClCompile Include="Entity\Component\VFXComponent.cpp">
      <Filter>Framework\04. Entity\02. Component\01. Components\VFX</Filter>
    </ClCompile>
    <ClCompile Include="Manager\InputManager.cpp">
      <Filter>Framework\02. Manager</Filter>
    </ClCompile>
    <ClCompile Include="Widget\PausePanel.cpp">
      <Filter>Game\04. UserWidgets\01. Panels\02. Play</Filter>
    </ClCompile>
    <ClCompile Include="Widget\PlayPanel.cpp">
      <Filter>Game\04. UserWidgets\01. Panels\02. Play</Filter>
    </ClCompile>
    <ClCompile Include="Widget\CreditsPanel.cpp">
      <Filter>Game\04. UserWidgets\01. Panels\01. Menu</Filter>
    </ClCompile>
    <ClCompile Include="Widget\MainMenuPanel.cpp">
      <Filter>Game\04. UserWidgets\01. Panels\01. Menu</Filter>
    </ClCompile>
    <ClCompile Include="Widget\PressToStartPanel.cpp">
      <Filter>Game\04. UserWidgets\01. Panels\01. Menu</Filter>
    </ClCompile>
    <ClCompile Include="Widget\ResultPanel.cpp">
      <Filter>Game\04. UserWidgets\01. Panels\03. Result</Filter>
    </ClCompile>
    <ClCompile Include="Widget\LevelUpPanel.cpp">
      <Filter>Game\04. UserWidgets\01. Panels\02. Play</Filter>
    </ClCompile>
    <ClCompile Include="Widget\LevelUpSlot.cpp">
      <Filter>Game\04. UserWidgets\02. Slots\03. LevelUp</Filter>
    </ClCompile>
    <ClCompile Include="Engine.cpp">
      <Filter>Framework</Filter>
    </ClCompile>
    <ClCompile Include="Resource\BGM.cpp">
      <Filter>Framework\05. Resource</Filter>
    </ClCompile>
    <ClCompile Include="Resource\SFX.cpp">
      <Filter>Framework\05. Resource</Filter>
    </ClCompile>
    <ClCompile Include="Manager\Data\GameData\PlayerProfile.cpp">
      <Filter>Game\01. Core</Filter>
    </ClCompile>
    <ClCompile Include="Widget\GameOverPanel.cpp">
      <Filter>Game\04. UserWidgets\01. Panels\02. Play</Filter>
    </ClCompile>
    <ClCompile Include="Entity\Object\Enemy.cpp">
      <Filter>Game\05. Entity\01. Object\03. Enemy</Filter>
    </ClCompile>
    <ClCompile Include="Entity\Component\ChaseComponent.cpp">
      <Filter>Game\05. Entity\02. Component</Filter>
    </ClCompile>
    <ClCompile Include="Scene\Extension\MobSpawner.cpp">
      <Filter>Game\03. Scenes\02. Play</Filter>
    </ClCompile>
    <ClCompile Include="Entity\Component\InventoryComponent.cpp">
      <Filter>Game\05. Entity\02. Component</Filter>
    </ClCompile>
    <ClCompile Include="Entity\Object\Drowner.cpp">
      <Filter>Game\05. Entity\01. Object\03. Enemy\02. Boss</Filter>
    </ClCompile>
    <ClCompile Include="Entity\Object\Ender.cpp">
      <Filter>Game\05. Entity\01. Object\03. Enemy\02. Boss</Filter>
    </ClCompile>
    <ClCompile Include="Entity\Object\Maddener.cpp">
      <Filter>Game\05. Entity\01. Object\03. Enemy\02. Boss</Filter>
    </ClCompile>
    <ClCompile Include="Entity\Object\Reaper.cpp">
      <Filter>Game\05. Entity\01. Object\03. Enemy\02. Boss</Filter>
    </ClCompile>
    <ClCompile Include="Entity\Object\Stalker.cpp">
      <Filter>Game\05. Entity\01. Object\03. Enemy\02. Boss</Filter>
    </ClCompile>
    <ClCompile Include="Entity\Object\Trickster.cpp">
      <Filter>Game\05. Entity\01. Object\03. Enemy\02. Boss</Filter>
    </ClCompile>
    <ClCompile Include="Entity\Object\Skeleton.cpp">
      <Filter>Game\05. Entity\01. Object\03. Enemy\01. Mob</Filter>
    </ClCompile>
    <ClCompile Include="Entity\Object\SkeletonAngel.cpp">
      <Filter>Game\05. Entity\01. Object\03. Enemy\01. Mob</Filter>
    </ClCompile>
    <ClCompile Include="Entity\Object\SkeletonDragon.cpp">
      <Filter>Game\05. Entity\01. Object\03. Enemy\01. Mob</Filter>
    </ClCompile>
    <ClCompile Include="Entity\Object\SkeletonKnife.cpp">
      <Filter>Game\05. Entity\01. Object\03. Enemy\01. Mob</Filter>
    </ClCompile>
    <ClCompile Include="Entity\Object\SkeletonMad.cpp">
      <Filter>Game\05. Entity\01. Object\03. Enemy\01. Mob</Filter>
    </ClCompile>
    <ClCompile Include="Entity\Object\SkeletonNinja.cpp">
      <Filter>Game\05. Entity\01. Object\03. Enemy\01. Mob</Filter>
    </ClCompile>
    <ClCompile Include="Entity\Object\SkeletonPanther.cpp">
      <Filter>Game\05. Entity\01. Object\03. Enemy\01. Mob</Filter>
    </ClCompile>
    <ClCompile Include="Entity\Object\SkeletonXL.cpp">
      <Filter>Game\05. Entity\01. Object\03. Enemy\01. Mob</Filter>
    </ClCompile>
    <ClCompile Include="Entity\Object\Skull.cpp">
      <Filter>Game\05. Entity\01. Object\03. Enemy\01. Mob</Filter>
    </ClCompile>
    <ClCompile Include="Widget\InventoryPanel.cpp">
      <Filter>Game\04. UserWidgets\01. Panels\02. Play</Filter>
    </ClCompile>
    <ClCompile Include="Widget\InventoryWeaponSlot.cpp">
      <Filter>Game\04. UserWidgets\02. Slots\04. Inventory</Filter>
    </ClCompile>
    <ClCompile Include="Widget\InventoryPowerUpSlot.cpp">
      <Filter>Game\04. UserWidgets\02. Slots\04. Inventory</Filter>
    </ClCompile>
    <ClCompile Include="Scene\Extension\LevelUpHandler.cpp">
      <Filter>Game\03. Scenes\02. Play</Filter>
    </ClCompile>
    <ClCompile Include="Entity\Object\Bubble.cpp">
      <Filter>Game\05. Entity\01. Object\04. Weapon</Filter>
    </ClCompile>
    <ClCompile Include="Entity\Component\BananaWeaponComponent.cpp">
      <Filter>Game\05. Entity\02. Component\02. Weapon</Filter>
    </ClCompile>
    <ClCompile Include="Entity\Component\BatWeaponComponent.cpp">
      <Filter>Game\05. Entity\02. Component\02. Weapon</Filter>
    </ClCompile>
    <ClCompile Include="Entity\Component\BubbleWeaponComponent.cpp">
      <Filter>Game\05. Entity\02. Component\02. Weapon</Filter>
    </ClCompile>
    <ClCompile Include="Entity\Component\EnemyStatusComponent.cpp">
      <Filter>Game\05. Entity\02. Component\01. Status</Filter>
    </ClCompile>
    <ClCompile Include="Entity\Component\PlayerStatusComponent.cpp">
      <Filter>Game\05. Entity\02. Component\01. Status</Filter>
    </ClCompile>
  </ItemGroup>
  <ItemGroup>
    <None Include=".editorconfig" />
  </ItemGroup>
</Project>